{
  "name": "1-1",
  "version": "1.0.0",
  "lockfileVersion": 1,
  "requires": true,
  "dependencies": {
    "emitter-component": {
      "version": "1.1.1",
      "resolved": "http://registry.npm.taobao.org/emitter-component/download/emitter-component-1.1.1.tgz",
      "integrity": "sha1-Bl4tvtaVm/RwZ57avq95gdEAOrY="
    },
    "inherits": {
      "version": "2.0.3",
      "resolved": "http://registry.npm.taobao.org/inherits/download/inherits-2.0.3.tgz",
      "integrity": "sha1-Yzwsg+PaQqUC9SRmAiSA9CCCYd4="
    },
    "stream": {
      "version": "0.0.2",
      "resolved": "http://registry.npm.taobao.org/stream/download/stream-0.0.2.tgz",
      "integrity": "sha1-f1Nj8Ff2WSxVlfALyAon9c7B8O8=",
      "requires": {
        "emitter-component": "^1.1.1"
      }
    },
    "util": {
      "version": "0.11.1",
      "resolved": "http://registry.npm.taobao.org/util/download/util-0.11.1.tgz",
      "integrity": "sha1-MjZzNyDsZLsn9uJvQhqqLhtYjWE=",
      "requires": {
        "inherits": "2.0.3"
      }
    }
  }
}
